
Microsoft Visual Studio Solution File, Format Version 12.00
# Visual Studio 15
VisualStudioVersion = 15.0.28307.271
MinimumVisualStudioVersion = 10.0.40219.1
Project("{FAE04EC0-301F-11D3-BF4B-00C04F79EFBC}") = "YKAssignment5", "YKAssignment5\YKAssignment5.csproj", "{ADA93F3B-F00E-4BF6-80FC-FEC27496CF45}"
EndProject
Global
	GlobalSection(SolutionConfigurationPlatforms) = preSolution
		Debug|Any CPU = Debug|Any CPU
		Release|Any CPU = Release|Any CPU
	EndGlobalSection
	GlobalSection(ProjectConfigurationPlatforms) = postSolution
		{ADA93F3B-F00E-4BF6-80FC-FEC27496CF45}.Debug|Any CPU.ActiveCfg = Debug|Any CPU
		{ADA93F3B-F00E-4BF6-80FC-FEC27496CF45}.Debug|Any CPU.Build.0 = Debug|Any CPU
		{ADA93F3B-F00E-4BF6-80FC-FEC27496CF45}.Release|Any CPU.ActiveCfg = Release|Any CPU
		{ADA93F3B-F00E-4BF6-80FC-FEC27496CF45}.Release|Any CPU.Build.0 = Release|Any CPU
	EndGlobalSection
	GlobalSection(SolutionProperties) = preSolution
		HideSolutionNode = FALSE
	EndGlobalSection
	GlobalSection(ExtensibilityGlobals) = postSolution
		SolutionGuid = {D5D347DB-D028-492D-9ED1-0A482498A8CC}
	EndGlobalSection
EndGlobal
